
Microsoft Visual Studio Solution File, Format Version 12.00
# Visual Studio 15
VisualStudioVersion = 15.0.26403.7
MinimumVisualStudioVersion = 10.0.40219.1
Project("{FAE04EC0-301F-11D3-BF4B-00C04F79EFBC}") = "PerformanceExamples", "PerformanceExamples\PerformanceExamples.csproj", "{DEA45BFE-AA88-4805-9C8C-C9B2AF963617}"
EndProject
Project("{FAE04EC0-301F-11D3-BF4B-00C04F79EFBC}") = "CreateLeak", "CreateLeak\CreateLeak.csproj", "{B58D6896-3843-4F0E-8713-6DB96B5AC85E}"
EndProject
Project("{FAE04EC0-301F-11D3-BF4B-00C04F79EFBC}") = "StructPerformanceGains", "StructPerformanceGains\StructPerformanceGains.csproj", "{F6663F91-AF45-420A-BF27-29DAB47CF9D8}"
EndProject
Global
	GlobalSection(SolutionConfigurationPlatforms) = preSolution
		Debug|Any CPU = Debug|Any CPU
		Release|Any CPU = Release|Any CPU
	EndGlobalSection
	GlobalSection(ProjectConfigurationPlatforms) = postSolution
		{DEA45BFE-AA88-4805-9C8C-C9B2AF963617}.Debug|Any CPU.ActiveCfg = Debug|Any CPU
		{DEA45BFE-AA88-4805-9C8C-C9B2AF963617}.Debug|Any CPU.Build.0 = Debug|Any CPU
		{DEA45BFE-AA88-4805-9C8C-C9B2AF963617}.Release|Any CPU.ActiveCfg = Release|Any CPU
		{DEA45BFE-AA88-4805-9C8C-C9B2AF963617}.Release|Any CPU.Build.0 = Release|Any CPU
		{B58D6896-3843-4F0E-8713-6DB96B5AC85E}.Debug|Any CPU.ActiveCfg = Debug|Any CPU
		{B58D6896-3843-4F0E-8713-6DB96B5AC85E}.Debug|Any CPU.Build.0 = Debug|Any CPU
		{B58D6896-3843-4F0E-8713-6DB96B5AC85E}.Release|Any CPU.ActiveCfg = Release|Any CPU
		{B58D6896-3843-4F0E-8713-6DB96B5AC85E}.Release|Any CPU.Build.0 = Release|Any CPU
		{F6663F91-AF45-420A-BF27-29DAB47CF9D8}.Debug|Any CPU.ActiveCfg = Debug|Any CPU
		{F6663F91-AF45-420A-BF27-29DAB47CF9D8}.Debug|Any CPU.Build.0 = Debug|Any CPU
		{F6663F91-AF45-420A-BF27-29DAB47CF9D8}.Release|Any CPU.ActiveCfg = Release|Any CPU
		{F6663F91-AF45-420A-BF27-29DAB47CF9D8}.Release|Any CPU.Build.0 = Release|Any CPU
	EndGlobalSection
	GlobalSection(SolutionProperties) = preSolution
		HideSolutionNode = FALSE
	EndGlobalSection
EndGlobal
